
Microsoft Visual Studio Solution File, Format Version 12.00
# Visual Studio 15
VisualStudioVersion = 15.0.28307.168
MinimumVisualStudioVersion = 10.0.40219.1
Project("{FAE04EC0-301F-11D3-BF4B-00C04F79EFBC}") = "Our.Umbraco.Extensions.Routing", "Our.Umbraco.Extensions.Routing\Our.Umbraco.Extensions.Routing.csproj", "{2D394BD8-8E80-45E4-A8BF-22B5EC85FCE9}"
EndProject
Global
	GlobalSection(SolutionConfigurationPlatforms) = preSolution
		Debug|Any CPU = Debug|Any CPU
		Release|Any CPU = Release|Any CPU
	EndGlobalSection
	GlobalSection(ProjectConfigurationPlatforms) = postSolution
		{2D394BD8-8E80-45E4-A8BF-22B5EC85FCE9}.Debug|Any CPU.ActiveCfg = Debug|Any CPU
		{2D394BD8-8E80-45E4-A8BF-22B5EC85FCE9}.Debug|Any CPU.Build.0 = Debug|Any CPU
		{2D394BD8-8E80-45E4-A8BF-22B5EC85FCE9}.Release|Any CPU.ActiveCfg = Release|Any CPU
		{2D394BD8-8E80-45E4-A8BF-22B5EC85FCE9}.Release|Any CPU.Build.0 = Release|Any CPU
	EndGlobalSection
	GlobalSection(SolutionProperties) = preSolution
		HideSolutionNode = FALSE
	EndGlobalSection
	GlobalSection(ExtensibilityGlobals) = postSolution
		SolutionGuid = {A69B42FC-8073-4DFE-889C-1D8C55014332}
	EndGlobalSection
EndGlobal
